
Microsoft Visual Studio Solution File, Format Version 12.00
# Visual Studio Version 17
VisualStudioVersion = 17.0.31919.166
MinimumVisualStudioVersion = 10.0.40219.1
Project("{9A19103F-16F7-4668-BE54-9A1E7A4F7556}") = "SuscriberGearman", "SuscriberGearman\SuscriberGearman.csproj", "{F288D84A-028E-4D80-A4FE-A4EB828EC7CE}"
EndProject
Project("{9A19103F-16F7-4668-BE54-9A1E7A4F7556}") = "SuscriberConsole", "SuscriberConsole\SuscriberConsole.csproj", "{549FE567-B126-4B4C-84AF-DD37B142998F}"
EndProject
Project("{9A19103F-16F7-4668-BE54-9A1E7A4F7556}") = "SuscriberActiveMQ", "SuscriberActiveMQ\SuscriberActiveMQ.csproj", "{ECA173FB-D518-490D-9C05-CDE74CCAC1D3}"
EndProject
Project("{9A19103F-16F7-4668-BE54-9A1E7A4F7556}") = "SuscriberKafka", "SuscriberKafka\SuscriberKafka.csproj", "{BE48D008-F43D-438A-905F-83E4E933F32E}"
EndProject
Project("{FAE04EC0-301F-11D3-BF4B-00C04F79EFBC}") = "SuscriberMQTT", "SuscriberMQTT\SuscriberMQTT.csproj", "{B6225307-AAB5-4FE4-BD8A-EB525DBBD672}"
EndProject
Global
	GlobalSection(SolutionConfigurationPlatforms) = preSolution
		Debug|Any CPU = Debug|Any CPU
		Release|Any CPU = Release|Any CPU
	EndGlobalSection
	GlobalSection(ProjectConfigurationPlatforms) = postSolution
		{F288D84A-028E-4D80-A4FE-A4EB828EC7CE}.Debug|Any CPU.ActiveCfg = Debug|Any CPU
		{F288D84A-028E-4D80-A4FE-A4EB828EC7CE}.Debug|Any CPU.Build.0 = Debug|Any CPU
		{F288D84A-028E-4D80-A4FE-A4EB828EC7CE}.Release|Any CPU.ActiveCfg = Release|Any CPU
		{F288D84A-028E-4D80-A4FE-A4EB828EC7CE}.Release|Any CPU.Build.0 = Release|Any CPU
		{549FE567-B126-4B4C-84AF-DD37B142998F}.Debug|Any CPU.ActiveCfg = Debug|Any CPU
		{549FE567-B126-4B4C-84AF-DD37B142998F}.Debug|Any CPU.Build.0 = Debug|Any CPU
		{549FE567-B126-4B4C-84AF-DD37B142998F}.Release|Any CPU.ActiveCfg = Release|Any CPU
		{549FE567-B126-4B4C-84AF-DD37B142998F}.Release|Any CPU.Build.0 = Release|Any CPU
		{ECA173FB-D518-490D-9C05-CDE74CCAC1D3}.Debug|Any CPU.ActiveCfg = Debug|Any CPU
		{ECA173FB-D518-490D-9C05-CDE74CCAC1D3}.Debug|Any CPU.Build.0 = Debug|Any CPU
		{ECA173FB-D518-490D-9C05-CDE74CCAC1D3}.Release|Any CPU.ActiveCfg = Release|Any CPU
		{ECA173FB-D518-490D-9C05-CDE74CCAC1D3}.Release|Any CPU.Build.0 = Release|Any CPU
		{BE48D008-F43D-438A-905F-83E4E933F32E}.Debug|Any CPU.ActiveCfg = Debug|Any CPU
		{BE48D008-F43D-438A-905F-83E4E933F32E}.Debug|Any CPU.Build.0 = Debug|Any CPU
		{BE48D008-F43D-438A-905F-83E4E933F32E}.Release|Any CPU.ActiveCfg = Release|Any CPU
		{BE48D008-F43D-438A-905F-83E4E933F32E}.Release|Any CPU.Build.0 = Release|Any CPU
		{B6225307-AAB5-4FE4-BD8A-EB525DBBD672}.Debug|Any CPU.ActiveCfg = Debug|Any CPU
		{B6225307-AAB5-4FE4-BD8A-EB525DBBD672}.Debug|Any CPU.Build.0 = Debug|Any CPU
		{B6225307-AAB5-4FE4-BD8A-EB525DBBD672}.Release|Any CPU.ActiveCfg = Release|Any CPU
		{B6225307-AAB5-4FE4-BD8A-EB525DBBD672}.Release|Any CPU.Build.0 = Release|Any CPU
	EndGlobalSection
	GlobalSection(SolutionProperties) = preSolution
		HideSolutionNode = FALSE
	EndGlobalSection
	GlobalSection(ExtensibilityGlobals) = postSolution
		SolutionGuid = {DF0D1D73-1E6A-4E8A-B25D-52629DEF1135}
	EndGlobalSection
EndGlobal
